
Microsoft Visual Studio Solution File, Format Version 12.00
# Visual Studio 15
VisualStudioVersion = 15.0.26730.12
MinimumVisualStudioVersion = 10.0.40219.1
Project("{FAE04EC0-301F-11D3-BF4B-00C04F79EFBC}") = "EvidencePlus", "EvidencePlus\EvidencePlus.csproj", "{6DE0BF96-7AF8-4726-87A1-C1BC2E73A2E2}"
EndProject
Global
	GlobalSection(SolutionConfigurationPlatforms) = preSolution
		Debug|Any CPU = Debug|Any CPU
		Release|Any CPU = Release|Any CPU
	EndGlobalSection
	GlobalSection(ProjectConfigurationPlatforms) = postSolution
		{6DE0BF96-7AF8-4726-87A1-C1BC2E73A2E2}.Debug|Any CPU.ActiveCfg = Debug|Any CPU
		{6DE0BF96-7AF8-4726-87A1-C1BC2E73A2E2}.Debug|Any CPU.Build.0 = Debug|Any CPU
		{6DE0BF96-7AF8-4726-87A1-C1BC2E73A2E2}.Release|Any CPU.ActiveCfg = Release|Any CPU
		{6DE0BF96-7AF8-4726-87A1-C1BC2E73A2E2}.Release|Any CPU.Build.0 = Release|Any CPU
	EndGlobalSection
	GlobalSection(SolutionProperties) = preSolution
		HideSolutionNode = FALSE
	EndGlobalSection
	GlobalSection(ExtensibilityGlobals) = postSolution
		SolutionGuid = {012405BE-543C-4DDD-8586-22C7AE5808C7}
	EndGlobalSection
EndGlobal
